// !$*UTF8*$!
{
	archiveVersion = 1;
	classes = {
	};
	objectVersion = 50;
	objects = {

/* Begin PBXBuildFile section */
		5A064BED264E8A0500B172BC /* AppDelegate.swift in Sources */ = {isa = PBXBuildFile; fileRef = 5A064BEC264E8A0500B172BC /* AppDelegate.swift */; };
		5A064BEF264E8A0500B172BC /* SceneDelegate.swift in Sources */ = {isa = PBXBuildFile; fileRef = 5A064BEE264E8A0500B172BC /* SceneDelegate.swift */; };
		5A064BF1264E8A0500B172BC /* ViewController.swift in Sources */ = {isa = PBXBuildFile; fileRef = 5A064BF0264E8A0500B172BC /* ViewController.swift */; };
		5A064BF4264E8A0500B172BC /* Main.storyboard in Resources */ = {isa = PBXBuildFile; fileRef = 5A064BF2264E8A0500B172BC /* Main.storyboard */; };
		5A064BF6264E8A0800B172BC /* Assets.xcassets in Resources */ = {isa = PBXBuildFile; fileRef = 5A064BF5264E8A0800B172BC /* Assets.xcassets */; };
		5A064BF9264E8A0800B172BC /* LaunchScreen.storyboard in Resources */ = {isa = PBXBuildFile; fileRef = 5A064BF7264E8A0800B172BC /* LaunchScreen.storyboard */; };
		5A064C04264E8A0900B172BC /* BarabaraGameTests.swift in Sources */ = {isa = PBXBuildFile; fileRef = 5A064C03264E8A0900B172BC /* BarabaraGameTests.swift */; };
		5A064C0F264E8A0900B172BC /* BarabaraGameUITests.swift in Sources */ = {isa = PBXBuildFile; fileRef = 5A064C0E264E8A0900B172BC /* BarabaraGameUITests.swift */; };
/* End PBXBuildFile section */

/* Begin PBXContainerItemProxy section */
		5A064C00264E8A0900B172BC /* PBXContainerItemProxy */ = {
			isa = PBXContainerItemProxy;
			containerPortal = 5A064BE1264E8A0500B172BC /* Project object */;
			proxyType = 1;
			remoteGlobalIDString = 5A064BE8264E8A0500B172BC;
			remoteInfo = BarabaraGame;
		};
		5A064C0B264E8A0900B172BC /* PBXContainerItemProxy */ = {
			isa = PBXContainerItemProxy;
			containerPortal = 5A064BE1264E8A0500B172BC /* Project object */;
			proxyType = 1;
			remoteGlobalIDString = 5A064BE8264E8A0500B172BC;
			remoteInfo = BarabaraGame;
		};
/* End PBXContainerItemProxy section */

/* Begin PBXFileReference section */
		5A064BE9264E8A0500B172BC /* BarabaraGame.app */ = {isa = PBXFileReference; explicitFileType = wrapper.application; includeInIndex = 0; path = BarabaraGame.app; sourceTree = BUILT_PRODUCTS_DIR; };
		5A064BEC264E8A0500B172BC /* AppDelegate.swift */ = {isa = PBXFileReference; lastKnownFileType = sourcecode.swift; path = AppDelegate.swift; sourceTree = "<group>"; };
		5A064BEE264E8A0500B172BC /* SceneDelegate.swift */ = {isa = PBXFileReference; lastKnownFileType = sourcecode.swift; path = SceneDelegate.swift; sourceTree = "<group>"; };
		5A064BF0264E8A0500B172BC /* ViewController.swift */ = {isa = PBXFileReference; lastKnownFileType = sourcecode.swift; path = ViewController.swift; sourceTree = "<group>"; };
		5A064BF3264E8A0500B172BC /* Base */ = {isa = PBXFileReference; lastKnownFileType = file.storyboard; name = Base; path = Base.lproj/Main.storyboard; sourceTree = "<group>"; };
		5A064BF5264E8A0800B172BC /* Assets.xcassets */ = {isa = PBXFileReference; lastKnownFileType = folder.assetcatalog; path = Assets.xcassets; sourceTree = "<group>"; };
		5A064BF8264E8A0800B172BC /* Base */ = {isa = PBXFileReference; lastKnownFileType = file.storyboard; name = Base; path = Base.lproj/LaunchScreen.storyboard; sourceTree = "<group>"; };
		5A064BFA264E8A0800B172BC /* Info.plist */ = {isa = PBXFileReference; lastKnownFileType = text.plist.xml; path = Info.plist; sourceTree = "<group>"; };
		5A064BFF264E8A0900B172BC /* BarabaraGameTests.xctest */ = {isa = PBXFileReference; explicitFileType = wrapper.cfbundle; includeInIndex = 0; path = BarabaraGameTests.xctest; sourceTree = BUILT_PRODUCTS_DIR; };
		5A064C03264E8A0900B172BC /* BarabaraGameTests.swift */ = {isa = PBXFileReference; lastKnownFileType = sourcecode.swift; path = BarabaraGameTests.swift; sourceTree = "<group>"; };
		5A064C05264E8A0900B172BC /* Info.plist */ = {isa = PBXFileReference; lastKnownFileType = text.plist.xml; path = Info.plist; sourceTree = "<group>"; };
		5A064C0A264E8A0900B172BC /* BarabaraGameUITests.xctest */ = {isa = PBXFileReference; explicitFileType = wrapper.cfbundle; includeInIndex = 0; path = BarabaraGameUITests.xctest; sourceTree = BUILT_PRODUCTS_DIR; };
		5A064C0E264E8A0900B172BC /* BarabaraGameUITests.swift */ = {isa = PBXFileReference; lastKnownFileType = sourcecode.swift; path = BarabaraGameUITests.swift; sourceTree = "<group>"; };
		5A064C10264E8A0900B172BC /* Info.plist */ = {isa = PBXFileReference; lastKnownFileType = text.plist.xml; path = Info.plist; sourceTree = "<group>"; };
/* End PBXFileReference section */

/* Begin PBXFrameworksBuildPhase section */
		5A064BE6264E8A0500B172BC /* Frameworks */ = {
			isa = PBXFrameworksBuildPhase;
			buildActionMask = 2147483647;
			files = (
			);
			runOnlyForDeploymentPostprocessing = 0;
		};
		5A064BFC264E8A0900B172BC /* Frameworks */ = {
			isa = PBXFrameworksBuildPhase;
			buildActionMask = 2147483647;
			files = (
			);
			runOnlyForDeploymentPostprocessing = 0;
		};
		5A064C07264E8A0900B172BC /* Frameworks */ = {
			isa = PBXFrameworksBuildPhase;
			buildActionMask = 2147483647;
			files = (
			);
			runOnlyForDeploymentPostprocessing = 0;
		};
/* End PBXFrameworksBuildPhase section */

/* Begin PBXGroup section */
		5A064BE0264E8A0500B172BC = {
			isa = PBXGroup;
			children = (
				5A064BEB264E8A0500B172BC /* BarabaraGame */,
				5A064C02264E8A0900B172BC /* BarabaraGameTests */,
				5A064C0D264E8A0900B172BC /* BarabaraGameUITests */,
				5A064BEA264E8A0500B172BC /* Products */,
			);
			sourceTree = "<group>";
		};
		5A064BEA264E8A0500B172BC /* Products */ = {
			isa = PBXGroup;
			children = (
				5A064BE9264E8A0500B172BC /* BarabaraGame.app */,
				5A064BFF264E8A0900B172BC /* BarabaraGameTests.xctest */,
				5A064C0A264E8A0900B172BC /* BarabaraGameUITests.xctest */,
			);
			name = Products;
			sourceTree = "<group>";
		};
		5A064BEB264E8A0500B172BC /* BarabaraGame */ = {
			isa = PBXGroup;
			children = (
				5A064BEC264E8A0500B172BC /* AppDelegate.swift */,
				5A064BEE264E8A0500B172BC /* SceneDelegate.swift */,
				5A064BF0264E8A0500B172BC /* ViewController.swift */,
				5A064BF2264E8A0500B172BC /* Main.storyboard */,
				5A064BF5264E8A0800B172BC /* Assets.xcassets */,
				5A064BF7264E8A0800B172BC /* LaunchScreen.storyboard */,
				5A064BFA264E8A0800B172BC /* Info.plist */,
			);
			path = BarabaraGame;
			sourceTree = "<group>";
		};
		5A064C02264E8A0900B172BC /* BarabaraGameTests */ = {
			isa = PBXGroup;
			children = (
				5A064C03264E8A0900B172BC /* BarabaraGameTests.swift */,
				5A064C05264E8A0900B172BC /* Info.plist */,
			);
			path = BarabaraGameTests;
			sourceTree = "<group>";
		};
		5A064C0D264E8A0900B172BC /* BarabaraGameUITests */ = {
			isa = PBXGroup;
			children = (
				5A064C0E264E8A0900B172BC /* BarabaraGameUITests.swift */,
				5A064C10264E8A0900B172BC /* Info.plist */,
			);
			path = BarabaraGameUITests;
			sourceTree = "<group>";
		};
/* End PBXGroup section */

/* Begin PBXNativeTarget section */
		5A064BE8264E8A0500B172BC /* BarabaraGame */ = {
			isa = PBXNativeTarget;
			buildConfigurationList = 5A064C13264E8A0900B172BC /* Build configuration list for PBXNativeTarget "BarabaraGame" */;
			buildPhases = (
				5A064BE5264E8A0500B172BC /* Sources */,
				5A064BE6264E8A0500B172BC /* Frameworks */,
				5A064BE7264E8A0500B172BC /* Resources */,
			);
			buildRules = (
			);
			dependencies = (
			);
			name = BarabaraGame;
			productName = BarabaraGame;
			productReference = 5A064BE9264E8A0500B172BC /* BarabaraGame.app */;
			productType = "com.apple.product-type.application";
		};
		5A064BFE264E8A0900B172BC /* BarabaraGameTests */ = {
			isa = PBXNativeTarget;
			buildConfigurationList = 5A064C16264E8A0900B172BC /* Build configuration list for PBXNativeTarget "BarabaraGameTests" */;
			buildPhases = (
				5A064BFB264E8A0900B172BC /* Sources */,
				5A064BFC264E8A0900B172BC /* Frameworks */,
				5A064BFD264E8A0900B172BC /* Resources */,
			);
			buildRules = (
			);
			dependencies = (
				5A064C01264E8A0900B172BC /* PBXTargetDependency */,
			);
			name = BarabaraGameTests;
			productName = BarabaraGameTests;
			productReference = 5A064BFF264E8A0900B172BC /* BarabaraGameTests.xctest */;
			productType = "com.apple.product-type.bundle.unit-test";
		};
		5A064C09264E8A0900B172BC /* BarabaraGameUITests */ = {
			isa = PBXNativeTarget;
			buildConfigurationList = 5A064C19264E8A0900B172BC /* Build configuration list for PBXNativeTarget "BarabaraGameUITests" */;
			buildPhases = (
				5A064C06264E8A0900B172BC /* Sources */,
				5A064C07264E8A0900B172BC /* Frameworks */,
				5A064C08264E8A0900B172BC /* Resources */,
			);
			buildRules = (
			);
			dependencies = (
				5A064C0C264E8A0900B172BC /* PBXTargetDependency */,
			);
			name = BarabaraGameUITests;
			productName = BarabaraGameUITests;
			productReference = 5A064C0A264E8A0900B172BC /* BarabaraGameUITests.xctest */;
			productType = "com.apple.product-type.bundle.ui-testing";
		};
/* End PBXNativeTarget section */

/* Begin PBXProject section */
		5A064BE1264E8A0500B172BC /* Project object */ = {
			isa = PBXProject;
			attributes = {
				LastSwiftUpdateCheck = 1250;
				LastUpgradeCheck = 1250;
				TargetAttributes = {
					5A064BE8264E8A0500B172BC = {
						CreatedOnToolsVersion = 12.5;
					};
					5A064BFE264E8A0900B172BC = {
						CreatedOnToolsVersion = 12.5;
						TestTargetID = 5A064BE8264E8A0500B172BC;
					};
					5A064C09264E8A0900B172BC = {
						CreatedOnToolsVersion = 12.5;
						TestTargetID = 5A064BE8264E8A0500B172BC;
					};
				};
			};
			buildConfigurationList = 5A064BE4264E8A0500B172BC /* Build configuration list for PBXProject "BarabaraGame" */;
			compatibilityVersion = "Xcode 9.3";
			developmentRegion = en;
			hasScannedForEncodings = 0;
			knownRegions = (
				en,
				Base,
			);
			mainGroup = 5A064BE0264E8A0500B172BC;
			productRefGroup = 5A064BEA264E8A0500B172BC /* Products */;
			projectDirPath = "";
			projectRoot = "";
			targets = (
				5A064BE8264E8A0500B172BC /* BarabaraGame */,
				5A064BFE264E8A0900B172BC /* BarabaraGameTests */,
				5A064C09264E8A0900B172BC /* BarabaraGameUITests */,
			);
		};
/* End PBXProject section */

/* Begin PBXResourcesBuildPhase section */
		5A064BE7264E8A0500B172BC /* Resources */ = {
			isa = PBXResourcesBuildPhase;
			buildActionMask = 2147483647;
			files = (
				5A064BF9264E8A0800B172BC /* LaunchScreen.storyboard in Resources */,
				5A064BF6264E8A0800B172BC /* Assets.xcassets in Resources */,
				5A064BF4264E8A0500B172BC /* Main.storyboard in Resources */,
			);
			runOnlyForDeploymentPostprocessing = 0;
		};
		5A064BFD264E8A0900B172BC /* Resources */ = {
			isa = PBXResourcesBuildPhase;
			buildActionMask = 2147483647;
			files = (
			);
			runOnlyForDeploymentPostprocessing = 0;
		};
		5A064C08264E8A0900B172BC /* Resources */ = {
			isa = PBXResourcesBuildPhase;
			buildActionMask = 2147483647;
			files = (
			);
			runOnlyForDeploymentPostprocessing = 0;
		};
/* End PBXResourcesBuildPhase section */

/* Begin PBXSourcesBuildPhase section */
		5A064BE5264E8A0500B172BC /* Sources */ = {
			isa = PBXSourcesBuildPhase;
			buildActionMask = 2147483647;
			files = (
				5A064BF1264E8A0500B172BC /* ViewController.swift in Sources */,
				5A064BED264E8A0500B172BC /* AppDelegate.swift in Sources */,
				5A064BEF264E8A0500B172BC /* SceneDelegate.swift in Sources */,
			);
			runOnlyForDeploymentPostprocessing = 0;
		};
		5A064BFB264E8A0900B172BC /* Sources */ = {
			isa = PBXSourcesBuildPhase;
			buildActionMask = 2147483647;
			files = (
				5A064C04264E8A0900B172BC /* BarabaraGameTests.swift in Sources */,
			);
			runOnlyForDeploymentPostprocessing = 0;
		};
		5A064C06264E8A0900B172BC /* Sources */ = {
			isa = PBXSourcesBuildPhase;
			buildActionMask = 2147483647;
			files = (
				5A064C0F264E8A0900B172BC /* BarabaraGameUITests.swift in Sources */,
			);
			runOnlyForDeploymentPostprocessing = 0;
		};
/* End PBXSourcesBuildPhase section */

/* Begin PBXTargetDependency section */
		5A064C01264E8A0900B172BC /* PBXTargetDependency */ = {
			isa = PBXTargetDependency;
			target = 5A064BE8264E8A0500B172BC /* BarabaraGame */;
			targetProxy = 5A064C00264E8A0900B172BC /* PBXContainerItemProxy */;
		};
		5A064C0C264E8A0900B172BC /* PBXTargetDependency */ = {
			isa = PBXTargetDependency;
			target = 5A064BE8264E8A0500B172BC /* BarabaraGame */;
			targetProxy = 5A064C0B264E8A0900B172BC /* PBXContainerItemProxy */;
		};
/* End PBXTargetDependency section */

/* Begin PBXVariantGroup section */
		5A064BF2264E8A0500B172BC /* Main.storyboard */ = {
			isa = PBXVariantGroup;
			children = (
				5A064BF3264E8A0500B172BC /* Base */,
			);
			name = Main.storyboard;
			sourceTree = "<group>";
		};
		5A064BF7264E8A0800B172BC /* LaunchScreen.storyboard */ = {
			isa = PBXVariantGroup;
			children = (
				5A064BF8264E8A0800B172BC /* Base */,
			);
			name = LaunchScreen.storyboard;
			sourceTree = "<group>";
		};
/* End PBXVariantGroup section */

/* Begin XCBuildConfiguration section */
		5A064C11264E8A0900B172BC /* Debug */ = {
			isa = XCBuildConfiguration;
			buildSettings = {
				ALWAYS_SEARCH_USER_PATHS = NO;
				CLANG_ANALYZER_NONNULL = YES;
				CLANG_ANALYZER_NUMBER_OBJECT_CONVERSION = YES_AGGRESSIVE;
				CLANG_CXX_LANGUAGE_STANDARD = "gnu++14";
				CLANG_CXX_LIBRARY = "libc++";
				CLANG_ENABLE_MODULES = YES;
				CLANG_ENABLE_OBJC_ARC = YES;
				CLANG_ENABLE_OBJC_WEAK = YES;
				CLANG_WARN_BLOCK_CAPTURE_AUTORELEASING = YES;
				CLANG_WARN_BOOL_CONVERSION = YES;
				CLANG_WARN_COMMA = YES;
				CLANG_WARN_CONSTANT_CONVERSION = YES;
				CLANG_WARN_DEPRECATED_OBJC_IMPLEMENTATIONS = YES;
				CLANG_WARN_DIRECT_OBJC_ISA_USAGE = YES_ERROR;
				CLANG_WARN_DOCUMENTATION_COMMENTS = YES;
				CLANG_WARN_EMPTY_BODY = YES;
				CLANG_WARN_ENUM_CONVERSION = YES;
				CLANG_WARN_INFINITE_RECURSION = YES;
				CLANG_WARN_INT_CONVERSION = YES;
				CLANG_WARN_NON_LITERAL_NULL_CONVERSION = YES;
				CLANG_WARN_OBJC_IMPLICIT_RETAIN_SELF = YES;
				CLANG_WARN_OBJC_LITERAL_CONVERSION = YES;
				CLANG_WARN_OBJC_ROOT_CLASS = YES_ERROR;
				CLANG_WARN_QUOTED_INCLUDE_IN_FRAMEWORK_HEADER = YES;
				CLANG_WARN_RANGE_LOOP_ANALYSIS = YES;
				CLANG_WARN_STRICT_PROTOTYPES = YES;
				CLANG_WARN_SUSPICIOUS_MOVE = YES;
				CLANG_WARN_UNGUARDED_AVAILABILITY = YES_AGGRESSIVE;
				CLANG_WARN_UNREACHABLE_CODE = YES;
				CLANG_WARN__DUPLICATE_METHOD_MATCH = YES;
				COPY_PHASE_STRIP = NO;
				DEBUG_INFORMATION_FORMAT = dwarf;
				ENABLE_STRICT_OBJC_MSGSEND = YES;
				ENABLE_TESTABILITY = YES;
				GCC_C_LANGUAGE_STANDARD = gnu11;
				GCC_DYNAMIC_NO_PIC = NO;
				GCC_NO_COMMON_BLOCKS = YES;
				GCC_OPTIMIZATION_LEVEL = 0;
				GCC_PREPROCESSOR_DEFINITIONS = (
					"DEBUG=1",
					"$(inherited)",
				);
				GCC_WARN_64_TO_32_BIT_CONVERSION = YES;
				GCC_WARN_ABOUT_RETURN_TYPE = YES_ERROR;
				GCC_WARN_UNDECLARED_SELECTOR = YES;
				GCC_WARN_UNINITIALIZED_AUTOS = YES_AGGRESSIVE;
				GCC_WARN_UNUSED_FUNCTION = YES;
				GCC_WARN_UNUSED_VARIABLE = YES;
				IPHONEOS_DEPLOYMENT_TARGET = 14.5;
				MTL_ENABLE_DEBUG_INFO = INCLUDE_SOURCE;
				MTL_FAST_MATH = YES;
				ONLY_ACTIVE_ARCH = YES;
				SDKROOT = iphoneos;
				SWIFT_ACTIVE_COMPILATION_CONDITIONS = DEBUG;
				SWIFT_OPTIMIZATION_LEVEL = "-Onone";
			};
			name = Debug;
		};
		5A064C12264E8A0900B172BC /* Release */ = {
			isa = XCBuildConfiguration;
			buildSettings = {
				ALWAYS_SEARCH_USER_PATHS = NO;
				CLANG_ANALYZER_NONNULL = YES;
				CLANG_ANALYZER_NUMBER_OBJECT_CONVERSION = YES_AGGRESSIVE;
				CLANG_CXX_LANGUAGE_STANDARD = "gnu++14";
				CLANG_CXX_LIBRARY = "libc++";
				CLANG_ENABLE_MODULES = YES;
				CLANG_ENABLE_OBJC_ARC = YES;
				CLANG_ENABLE_OBJC_WEAK = YES;
				CLANG_WARN_BLOCK_CAPTURE_AUTORELEASING = YES;
				CLANG_WARN_BOOL_CONVERSION = YES;
				CLANG_WARN_COMMA = YES;
				CLANG_WARN_CONSTANT_CONVERSION = YES;
				CLANG_WARN_DEPRECATED_OBJC_IMPLEMENTATIONS = YES;
				CLANG_WARN_DIRECT_OBJC_ISA_USAGE = YES_ERROR;
				CLANG_WARN_DOCUMENTATION_COMMENTS = YES;
				CLANG_WARN_EMPTY_BODY = YES;
				CLANG_WARN_ENUM_CONVERSION = YES;
				CLANG_WARN_INFINITE_RECURSION = YES;
				CLANG_WARN_INT_CONVERSION = YES;
				CLANG_WARN_NON_LITERAL_NULL_CONVERSION = YES;
				CLANG_WARN_OBJC_IMPLICIT_RETAIN_SELF = YES;
				CLANG_WARN_OBJC_LITERAL_CONVERSION = YES;
				CLANG_WARN_OBJC_ROOT_CLASS = YES_ERROR;
				CLANG_WARN_QUOTED_INCLUDE_IN_FRAMEWORK_HEADER = YES;
				CLANG_WARN_RANGE_LOOP_ANALYSIS = YES;
				CLANG_WARN_STRICT_PROTOTYPES = YES;
				CLANG_WARN_SUSPICIOUS_MOVE = YES;
				CLANG_WARN_UNGUARDED_AVAILABILITY = YES_AGGRESSIVE;
				CLANG_WARN_UNREACHABLE_CODE = YES;
				CLANG_WARN__DUPLICATE_METHOD_MATCH = YES;
				COPY_PHASE_STRIP = NO;
				DEBUG_INFORMATION_FORMAT = "dwarf-with-dsym";
				ENABLE_NS_ASSERTIONS = NO;
				ENABLE_STRICT_OBJC_MSGSEND = YES;
				GCC_C_LANGUAGE_STANDARD = gnu11;
				GCC_NO_COMMON_BLOCKS = YES;
				GCC_WARN_64_TO_32_BIT_CONVERSION = YES;
				GCC_WARN_ABOUT_RETURN_TYPE = YES_ERROR;
				GCC_WARN_UNDECLARED_SELECTOR = YES;
				GCC_WARN_UNINITIALIZED_AUTOS = YES_AGGRESSIVE;
				GCC_WARN_UNUSED_FUNCTION = YES;
				GCC_WARN_UNUSED_VARIABLE = YES;
				IPHONEOS_DEPLOYMENT_TARGET = 14.5;
				MTL_ENABLE_DEBUG_INFO = NO;
				MTL_FAST_MATH = YES;
				SDKROOT = iphoneos;
				SWIFT_COMPILATION_MODE = wholemodule;
				SWIFT_OPTIMIZATION_LEVEL = "-O";
				VALIDATE_PRODUCT = YES;
			};
			name = Release;
		};
		5A064C14264E8A0900B172BC /* Debug */ = {
			isa = XCBuildConfiguration;
			buildSettings = {
				ASSETCATALOG_COMPILER_APPICON_NAME = AppIcon;
				ASSETCATALOG_COMPILER_GLOBAL_ACCENT_COLOR_NAME = AccentColor;
				CODE_SIGN_STYLE = Automatic;
				DEVELOPMENT_TEAM = NKCRP99VAX;
				INFOPLIST_FILE = BarabaraGame/Info.plist;
				LD_RUNPATH_SEARCH_PATHS = (
					"$(inherited)",
					"@executable_path/Frameworks",
				);
				PRODUCT_BUNDLE_IDENTIFIER = com.yanagisawa.ryukiringo.BarabaraGame;
				PRODUCT_NAME = "$(TARGET_NAME)";
				SWIFT_VERSION = 5.0;
				TARGETED_DEVICE_FAMILY = "1,2";
			};
			name = Debug;
		};
		5A064C15264E8A0900B172BC /* Release */ = {
			isa = XCBuildConfiguration;
			buildSettings = {
				ASSETCATALOG_COMPILER_APPICON_NAME = AppIcon;
				ASSETCATALOG_COMPILER_GLOBAL_ACCENT_COLOR_NAME = AccentColor;
				CODE_SIGN_STYLE = Automatic;
				DEVELOPMENT_TEAM = NKCRP99VAX;
				INFOPLIST_FILE = BarabaraGame/Info.plist;
				LD_RUNPATH_SEARCH_PATHS = (
					"$(inherited)",
					"@executable_path/Frameworks",
				);
				PRODUCT_BUNDLE_IDENTIFIER = com.yanagisawa.ryukiringo.BarabaraGame;
				PRODUCT_NAME = "$(TARGET_NAME)";
				SWIFT_VERSION = 5.0;
				TARGETED_DEVICE_FAMILY = "1,2";
			};
			name = Release;
		};
		5A064C17264E8A0900B172BC /* Debug */ = {
			isa = XCBuildConfiguration;
			buildSettings = {
				ALWAYS_EMBED_SWIFT_STANDARD_LIBRARIES = YES;
				BUNDLE_LOADER = "$(TEST_HOST)";
				CODE_SIGN_STYLE = Automatic;
				DEVELOPMENT_TEAM = NKCRP99VAX;
				INFOPLIST_FILE = BarabaraGameTests/Info.plist;
				IPHONEOS_DEPLOYMENT_TARGET = 14.5;
				LD_RUNPATH_SEARCH_PATHS = (
					"$(inherited)",
					"@executable_path/Frameworks",
					"@loader_path/Frameworks",
				);
				PRODUCT_BUNDLE_IDENTIFIER = com.yanagisawa.ryukiringo.BarabaraGameTests;
				PRODUCT_NAME = "$(TARGET_NAME)";
				SWIFT_VERSION = 5.0;
				TARGETED_DEVICE_FAMILY = "1,2";
				TEST_HOST = "$(BUILT_PRODUCTS_DIR)/BarabaraGame.app/BarabaraGame";
			};
			name = Debug;
		};
		5A064C18264E8A0900B172BC /* Release */ = {
			isa = XCBuildConfiguration;
			buildSettings = {
				ALWAYS_EMBED_SWIFT_STANDARD_LIBRARIES = YES;
				BUNDLE_LOADER = "$(TEST_HOST)";
				CODE_SIGN_STYLE = Automatic;
				DEVELOPMENT_TEAM = NKCRP99VAX;
				INFOPLIST_FILE = BarabaraGameTests/Info.plist;
				IPHONEOS_DEPLOYMENT_TARGET = 14.5;
				LD_RUNPATH_SEARCH_PATHS = (
					"$(inherited)",
					"@executable_path/Frameworks",
					"@loader_path/Frameworks",
				);
				PRODUCT_BUNDLE_IDENTIFIER = com.yanagisawa.ryukiringo.BarabaraGameTests;
				PRODUCT_NAME = "$(TARGET_NAME)";
				SWIFT_VERSION = 5.0;
				TARGETED_DEVICE_FAMILY = "1,2";
				TEST_HOST = "$(BUILT_PRODUCTS_DIR)/BarabaraGame.app/BarabaraGame";
			};
			name = Release;
		};
		5A064C1A264E8A0900B172BC /* Debug */ = {
			isa = XCBuildConfiguration;
			buildSettings = {
				ALWAYS_EMBED_SWIFT_STANDARD_LIBRARIES = YES;
				CODE_SIGN_STYLE = Automatic;
				DEVELOPMENT_TEAM = NKCRP99VAX;
				INFOPLIST_FILE = BarabaraGameUITests/Info.plist;
				LD_RUNPATH_SEARCH_PATHS = (
					"$(inherited)",
					"@executable_path/Frameworks",
					"@loader_path/Frameworks",
				);
				PRODUCT_BUNDLE_IDENTIFIER = com.yanagisawa.ryukiringo.BarabaraGameUITests;
				PRODUCT_NAME = "$(TARGET_NAME)";
				SWIFT_VERSION = 5.0;
				TARGETED_DEVICE_FAMILY = "1,2";
				TEST_TARGET_NAME = BarabaraGame;
			};
			name = Debug;
		};
		5A064C1B264E8A0900B172BC /* Release */ = {
			isa = XCBuildConfiguration;
			buildSettings = {
				ALWAYS_EMBED_SWIFT_STANDARD_LIBRARIES = YES;
				CODE_SIGN_STYLE = Automatic;
				DEVELOPMENT_TEAM = NKCRP99VAX;
				INFOPLIST_FILE = BarabaraGameUITests/Info.plist;
				LD_RUNPATH_SEARCH_PATHS = (
					"$(inherited)",
					"@executable_path/Frameworks",
					"@loader_path/Frameworks",
				);
				PRODUCT_BUNDLE_IDENTIFIER = com.yanagisawa.ryukiringo.BarabaraGameUITests;
				PRODUCT_NAME = "$(TARGET_NAME)";
				SWIFT_VERSION = 5.0;
				TARGETED_DEVICE_FAMILY = "1,2";
				TEST_TARGET_NAME = BarabaraGame;
			};
			name = Release;
		};
/* End XCBuildConfiguration section */

/* Begin XCConfigurationList section */
		5A064BE4264E8A0500B172BC /* Build configuration list for PBXProject "BarabaraGame" */ = {
			isa = XCConfigurationList;
			buildConfigurations = (
				5A064C11264E8A0900B172BC /* Debug */,
				5A064C12264E8A0900B172BC /* Release */,
			);
			defaultConfigurationIsVisible = 0;
			defaultConfigurationName = Release;
		};
		5A064C13264E8A0900B172BC /* Build configuration list for PBXNativeTarget "BarabaraGame" */ = {
			isa = XCConfigurationList;
			buildConfigurations = (
				5A064C14264E8A0900B172BC /* Debug */,
				5A064C15264E8A0900B172BC /* Release */,
			);
			defaultConfigurationIsVisible = 0;
			defaultConfigurationName = Release;
		};
		5A064C16264E8A0900B172BC /* Build configuration list for PBXNativeTarget "BarabaraGameTests" */ = {
			isa = XCConfigurationList;
			buildConfigurations = (
				5A064C17264E8A0900B172BC /* Debug */,
				5A064C18264E8A0900B172BC /* Release */,
			);
			defaultConfigurationIsVisible = 0;
			defaultConfigurationName = Release;
		};
		5A064C19264E8A0900B172BC /* Build configuration list for PBXNativeTarget "BarabaraGameUITests" */ = {
			isa = XCConfigurationList;
			buildConfigurations = (
				5A064C1A264E8A0900B172BC /* Debug */,
				5A064C1B264E8A0900B172BC /* Release */,
			);
			defaultConfigurationIsVisible = 0;
			defaultConfigurationName = Release;
		};
/* End XCConfigurationList section */
	};
	rootObject = 5A064BE1264E8A0500B172BC /* Project object */;
}
